# This file is generated by running "yarn install" inside your project.
# Manual changes might be lost - proceed with caution!

__metadata:
  version: 8
  cacheKey: 10c0

"@actions/core@npm:^3.0.0, @actions/core@npm:^3.0.1":
  version: 3.0.1
  resolution: "@actions/core@npm:3.0.1"
  dependencies:
    "@actions/exec": "npm:^3.0.0"
    "@actions/http-client": "npm:^4.0.0"
  checksum: 10c0/c1b86364e923e8b1bdcd338943d453c114b2cd8eb9507e07b7614679ea15ddf938b3bb75484aaf363bc3aa55ba926b9514ec08d79811a991f75c732a76c4d854
  languageName: node
  linkType: hard

"@actions/exec@npm:^3.0.0":
  version: 3.0.0
  resolution: "@actions/exec@npm:3.0.0"
  dependencies:
    "@actions/io": "npm:^3.0.2"
  checksum: 10c0/5e4357cd8538ae8d94ffef653559202e7d18db18c5ecccd2c943b4aab989df9cf4e466fcc3c4405887a3c30b88e87b89fb7c7f5b179622d1192525ec891f0274
  languageName: node
  linkType: hard

"@actions/github@npm:^9.1.1":
  version: 9.1.1
  resolution: "@actions/github@npm:9.1.1"
  dependencies:
    "@actions/http-client": "npm:^3.0.2"
    "@octokit/core": "npm:^7.0.6"
    "@octokit/plugin-paginate-rest": "npm:^14.0.0"
    "@octokit/plugin-rest-endpoint-methods": "npm:^17.0.0"
    "@octokit/request": "npm:^10.0.7"
    "@octokit/request-error": "npm:^7.1.0"
    undici: "npm:^6.23.0"
  checksum: 10c0/044783dfbe075eddf7323faba6d07b34f6bc7dd0b44df059f1cfbe03ab1c3a341ce720088ff2a46eeb721ada18d91137961f7802976548c9753046ac5f4f8398
  languageName: node
  linkType: hard

"@actions/http-client@npm:^3.0.2":
  version: 3.0.2
  resolution: "@actions/http-client@npm:3.0.2"
  dependencies:
    tunnel: "npm:^0.0.6"
    undici: "npm:^6.23.0"
  checksum: 10c0/b58eedef5a76d4341edf66cba5df3acb338e420ea1ab5223c3f5d0bf7f5cfaa56d5a5578f8a0b7a9ce50ccc06a0d2bb74aad4abf8bd7b5606b032bbe0b623c92
  languageName: node
  linkType: hard

"@actions/http-client@npm:^4.0.0":
  version: 4.0.1
  resolution: "@actions/http-client@npm:4.0.1"
  dependencies:
    tunnel: "npm:^0.0.6"
    undici: "npm:^6.23.0"
  checksum: 10c0/2470880a461e00bfeee13462f05f089542af2a6da02bfd73422c549119a5078fbf2cc0c6d3f64d4e5a9df5aeef7f0cf08925a41793c136631ac2ec55dc7a697d
  languageName: node
  linkType: hard

"@actions/io@npm:^3.0.0, @actions/io@npm:^3.0.2":
  version: 3.0.2
  resolution: "@actions/io@npm:3.0.2"
  checksum: 10c0/25fae323886544f965e90ab9655e3fb60816eb379c78418c4b06a5dc9da27810eb5b0bd0629146dbd5482a03e3c60a5b8713223e4f789abede23df643ddcae8c
  languageName: node
  linkType: hard

"@actions/tool-cache@npm:^4.0.0":
  version: 4.0.0
  resolution: "@actions/tool-cache@npm:4.0.0"
  dependencies:
    "@actions/core": "npm:^3.0.0"
    "@actions/exec": "npm:^3.0.0"
    "@actions/http-client": "npm:^4.0.0"
    "@actions/io": "npm:^3.0.0"
    semver: "npm:^7.7.3"
  checksum: 10c0/7928b42718c0277e913e1a300e29b9a0df1591504f9f17aa9ff25511f506d5661c42fea32ba70b224b8231463a82898ba092b3dc97beaa18e63577563e10bd42
  languageName: node
  linkType: hard

"@esbuild/aix-ppc64@npm:0.28.0":
  version: 0.28.0
  resolution: "@esbuild/aix-ppc64@npm:0.28.0"
  conditions: os=aix & cpu=ppc64
  languageName: node
  linkType: hard

"@esbuild/android-arm64@npm:0.28.0":
  version: 0.28.0
  resolution: "@esbuild/android-arm64@npm:0.28.0"
  conditions: os=android & cpu=arm64
  languageName: node
  linkType: hard

"@esbuild/android-arm@npm:0.28.0":
  version: 0.28.0
  resolution: "@esbuild/android-arm@npm:0.28.0"
  conditions: os=android & cpu=arm
  languageName: node
  linkType: hard

"@esbuild/android-x64@npm:0.28.0":
  version: 0.28.0
  resolution: "@esbuild/android-x64@npm:0.28.0"
  conditions: os=android & cpu=x64
  languageName: node
  linkType: hard

"@esbuild/darwin-arm64@npm:0.28.0":
  version: 0.28.0
  resolution: "@esbuild/darwin-arm64@npm:0.28.0"
  conditions: os=darwin & cpu=arm64
  languageName: node
  linkType: hard

"@esbuild/darwin-x64@npm:0.28.0":
  version: 0.28.0
  resolution: "@esbuild/darwin-x64@npm:0.28.0"
  conditions: os=darwin & cpu=x64
  languageName: node
  linkType: hard

"@esbuild/freebsd-arm64@npm:0.28.0":
  version: 0.28.0
  resolution: "@esbuild/freebsd-arm64@npm:0.28.0"
  conditions: os=freebsd & cpu=arm64
  languageName: node
  linkType: hard

"@esbuild/freebsd-x64@npm:0.28.0":
  version: 0.28.0
  resolution: "@esbuild/freebsd-x64@npm:0.28.0"
  conditions: os=freebsd & cpu=x64
  languageName: node
  linkType: hard

"@esbuild/linux-arm64@npm:0.28.0":
  version: 0.28.0
  resolution: "@esbuild/linux-arm64@npm:0.28.0"
  conditions: os=linux & cpu=arm64
  languageName: node
  linkType: hard

"@esbuild/linux-arm@npm:0.28.0":
  version: 0.28.0
  resolution: "@esbuild/linux-arm@npm:0.28.0"
  conditions: os=linux & cpu=arm
  languageName: node
  linkType: hard

"@esbuild/linux-ia32@npm:0.28.0":
  version: 0.28.0
  resolution: "@esbuild/linux-ia32@npm:0.28.0"
  conditions: os=linux & cpu=ia32
  languageName: node
  linkType: hard

"@esbuild/linux-loong64@npm:0.28.0":
  version: 0.28.0
  resolution: "@esbuild/linux-loong64@npm:0.28.0"
  conditions: os=linux & cpu=loong64
  languageName: node
  linkType: hard

"@esbuild/linux-mips64el@npm:0.28.0":
  version: 0.28.0
  resolution: "@esbuild/linux-mips64el@npm:0.28.0"
  conditions: os=linux & cpu=mips64el
  languageName: node
  linkType: hard

"@esbuild/linux-ppc64@npm:0.28.0":
  version: 0.28.0
  resolution: "@esbuild/linux-ppc64@npm:0.28.0"
  conditions: os=linux & cpu=ppc64
  languageName: node
  linkType: hard

"@esbuild/linux-riscv64@npm:0.28.0":
  version: 0.28.0
  resolution: "@esbuild/linux-riscv64@npm:0.28.0"
  conditions: os=linux & cpu=riscv64
  languageName: node
  linkType: hard

"@esbuild/linux-s390x@npm:0.28.0":
  version: 0.28.0
  resolution: "@esbuild/linux-s390x@npm:0.28.0"
  conditions: os=linux & cpu=s390x
  languageName: node
  linkType: hard

"@esbuild/linux-x64@npm:0.28.0":
  version: 0.28.0
  resolution: "@esbuild/linux-x64@npm:0.28.0"
  conditions: os=linux & cpu=x64
  languageName: node
  linkType: hard

"@esbuild/netbsd-arm64@npm:0.28.0":
  version: 0.28.0
  resolution: "@esbuild/netbsd-arm64@npm:0.28.0"
  conditions: os=netbsd & cpu=arm64
  languageName: node
  linkType: hard

"@esbuild/netbsd-x64@npm:0.28.0":
  version: 0.28.0
  resolution: "@esbuild/netbsd-x64@npm:0.28.0"
  conditions: os=netbsd & cpu=x64
  languageName: node
  linkType: hard

"@esbuild/openbsd-arm64@npm:0.28.0":
  version: 0.28.0
  resolution: "@esbuild/openbsd-arm64@npm:0.28.0"
  conditions: os=openbsd & cpu=arm64
  languageName: node
  linkType: hard

"@esbuild/openbsd-x64@npm:0.28.0":
  version: 0.28.0
  resolution: "@esbuild/openbsd-x64@npm:0.28.0"
  conditions: os=openbsd & cpu=x64
  languageName: node
  linkType: hard

"@esbuild/openharmony-arm64@npm:0.28.0":
  version: 0.28.0
  resolution: "@esbuild/openharmony-arm64@npm:0.28.0"
  conditions: os=openharmony & cpu=arm64
  languageName: node
  linkType: hard

"@esbuild/sunos-x64@npm:0.28.0":
  version: 0.28.0
  resolution: "@esbuild/sunos-x64@npm:0.28.0"
  conditions: os=sunos & cpu=x64
  languageName: node
  linkType: hard

"@esbuild/win32-arm64@npm:0.28.0":
  version: 0.28.0
  resolution: "@esbuild/win32-arm64@npm:0.28.0"
  conditions: os=win32 & cpu=arm64
  languageName: node
  linkType: hard

"@esbuild/win32-ia32@npm:0.28.0":
  version: 0.28.0
  resolution: "@esbuild/win32-ia32@npm:0.28.0"
  conditions: os=win32 & cpu=ia32
  languageName: node
  linkType: hard

"@esbuild/win32-x64@npm:0.28.0":
  version: 0.28.0
  resolution: "@esbuild/win32-x64@npm:0.28.0"
  conditions: os=win32 & cpu=x64
  languageName: node
  linkType: hard

"@octokit/auth-token@npm:^6.0.0":
  version: 6.0.0
  resolution: "@octokit/auth-token@npm:6.0.0"
  checksum: 10c0/32ecc904c5f6f4e5d090bfcc679d70318690c0a0b5040cd9a25811ad9dcd44c33f2cf96b6dbee1cd56cf58fde28fb1819c01b58718aa5c971f79c822357cb5c0
  languageName: node
  linkType: hard

"@octokit/core@npm:^7.0.6":
  version: 7.0.6
  resolution: "@octokit/core@npm:7.0.6"
  dependencies:
    "@octokit/auth-token": "npm:^6.0.0"
    "@octokit/graphql": "npm:^9.0.3"
    "@octokit/request": "npm:^10.0.6"
    "@octokit/request-error": "npm:^7.0.2"
    "@octokit/types": "npm:^16.0.0"
    before-after-hook: "npm:^4.0.0"
    universal-user-agent: "npm:^7.0.0"
  checksum: 10c0/95a328ff7c7223d9eb4aa778c63171828514ae0e0f588d33beb81a4dc03bbeae055382f6060ce23c979ab46272409942ff2cf3172109999e48429c47055b1fbe
  languageName: node
  linkType: hard

"@octokit/endpoint@npm:^11.0.3":
  version: 11.0.3
  resolution: "@octokit/endpoint@npm:11.0.3"
  dependencies:
    "@octokit/types": "npm:^16.0.0"
    universal-user-agent: "npm:^7.0.2"
  checksum: 10c0/3f9b67e6923ece5009aebb0dcbae5837fb574bc422561424049a43ead7fea6f132234edb72239d6ec067cf734937a608e4081af81c109de2cb754528f0d00520
  languageName: node
  linkType: hard

"@octokit/graphql@npm:^9.0.3":
  version: 9.0.3
  resolution: "@octokit/graphql@npm:9.0.3"
  dependencies:
    "@octokit/request": "npm:^10.0.6"
    "@octokit/types": "npm:^16.0.0"
    universal-user-agent: "npm:^7.0.0"
  checksum: 10c0/58588d3fb2834f64244fa5376ca7922a30117b001b621e141fab0d52806370803ab0c046ac99b120fa5f45b770f52a815157fb6ffc147fc6c1da4047c1f1af49
  languageName: node
  linkType: hard

"@octokit/openapi-types@npm:^27.0.0":
  version: 27.0.0
  resolution: "@octokit/openapi-types@npm:27.0.0"
  checksum: 10c0/602d1de033da180a2e982cdbd3646bd5b2e16ecf36b9955a0f23e37ae9e6cb086abb48ff2ae6f2de000fce03e8ae9051794611ae4a95a8f5f6fb63276e7b8e31
  languageName: node
  linkType: hard

"@octokit/plugin-paginate-rest@npm:^14.0.0":
  version: 14.0.0
  resolution: "@octokit/plugin-paginate-rest@npm:14.0.0"
  dependencies:
    "@octokit/types": "npm:^16.0.0"
  peerDependencies:
    "@octokit/core": ">=6"
  checksum: 10c0/841d79d4ccfe18fc809a4a67529b75c1dcdda13399bf4bf5b48ce7559c8b4b2cd422e3204bad4cbdea31c0cf0943521067415268e5bcfc615a3b813e058cad6b
  languageName: node
  linkType: hard

"@octokit/plugin-rest-endpoint-methods@npm:^17.0.0":
  version: 17.0.0
  resolution: "@octokit/plugin-rest-endpoint-methods@npm:17.0.0"
  dependencies:
    "@octokit/types": "npm:^16.0.0"
  peerDependencies:
    "@octokit/core": ">=6"
  checksum: 10c0/cf9984d7cf6a36ff7ff1b86078ae45fe246e3df10fcef0bccf20c8cfd27bf5e7d98dcb9cf5a7b56332b9c6fa30be28d159c2987d272a4758f77056903d94402f
  languageName: node
  linkType: hard

"@octokit/request-error@npm:^7.0.2, @octokit/request-error@npm:^7.1.0":
  version: 7.1.0
  resolution: "@octokit/request-error@npm:7.1.0"
  dependencies:
    "@octokit/types": "npm:^16.0.0"
  checksum: 10c0/62b90a54545c36a30b5ffdda42e302c751be184d85b68ffc7f1242c51d7ca54dbd185b7d0027b491991776923a910c85c9c51269fe0d86111bac187507a5abc4
  languageName: node
  linkType: hard

"@octokit/request@npm:^10.0.6, @octokit/request@npm:^10.0.7":
  version: 10.0.8
  resolution: "@octokit/request@npm:10.0.8"
  dependencies:
    "@octokit/endpoint": "npm:^11.0.3"
    "@octokit/request-error": "npm:^7.0.2"
    "@octokit/types": "npm:^16.0.0"
    fast-content-type-parse: "npm:^3.0.0"
    json-with-bigint: "npm:^3.5.3"
    universal-user-agent: "npm:^7.0.2"
  checksum: 10c0/7ee384dbeb489d4e00856eeaaf6a70060c61b036919c539809c3288e2ba14b8f3f63a5b16b8d5b7fdc93d7b6fa5c45bc3d181a712031279f6e192f019e52d7fe
  languageName: node
  linkType: hard

"@octokit/types@npm:^16.0.0":
  version: 16.0.0
  resolution: "@octokit/types@npm:16.0.0"
  dependencies:
    "@octokit/openapi-types": "npm:^27.0.0"
  checksum: 10c0/b8d41098ba6fc194d13d641f9441347e3a3b96c0efabac0e14f57319340a2d4d1c8676e4cb37ab3062c5c323c617e790b0126916e9bf7b201b0cced0826f8ae2
  languageName: node
  linkType: hard

"@types/node@npm:^25.6.2":
  version: 25.6.2
  resolution: "@types/node@npm:25.6.2"
  dependencies:
    undici-types: "npm:~7.19.0"
  checksum: 10c0/7f540331aa3ab88c285aeaf2eb43e3992f54f0cdb7f3593d156af67b199d4eaf56590fa1c310a00aa58ff69dba668cb3915a157fe83cd6b40a73bb338a12f09a
  languageName: node
  linkType: hard

"before-after-hook@npm:^4.0.0":
  version: 4.0.0
  resolution: "before-after-hook@npm:4.0.0"
  checksum: 10c0/9f8ae8d1b06142bcfb9ef6625226b5e50348bb11210f266660eddcf9734e0db6f9afc4cb48397ee3f5ac0a3728f3ae401cdeea88413f7bed748a71db84657be2
  languageName: node
  linkType: hard

"esbuild@npm:latest":
  version: 0.28.0
  resolution: "esbuild@npm:0.28.0"
  dependencies:
    "@esbuild/aix-ppc64": "npm:0.28.0"
    "@esbuild/android-arm": "npm:0.28.0"
    "@esbuild/android-arm64": "npm:0.28.0"
    "@esbuild/android-x64": "npm:0.28.0"
    "@esbuild/darwin-arm64": "npm:0.28.0"
    "@esbuild/darwin-x64": "npm:0.28.0"
    "@esbuild/freebsd-arm64": "npm:0.28.0"
    "@esbuild/freebsd-x64": "npm:0.28.0"
    "@esbuild/linux-arm": "npm:0.28.0"
    "@esbuild/linux-arm64": "npm:0.28.0"
    "@esbuild/linux-ia32": "npm:0.28.0"
    "@esbuild/linux-loong64": "npm:0.28.0"
    "@esbuild/linux-mips64el": "npm:0.28.0"
    "@esbuild/linux-ppc64": "npm:0.28.0"
    "@esbuild/linux-riscv64": "npm:0.28.0"
    "@esbuild/linux-s390x": "npm:0.28.0"
    "@esbuild/linux-x64": "npm:0.28.0"
    "@esbuild/netbsd-arm64": "npm:0.28.0"
    "@esbuild/netbsd-x64": "npm:0.28.0"
    "@esbuild/openbsd-arm64": "npm:0.28.0"
    "@esbuild/openbsd-x64": "npm:0.28.0"
    "@esbuild/openharmony-arm64": "npm:0.28.0"
    "@esbuild/sunos-x64": "npm:0.28.0"
    "@esbuild/win32-arm64": "npm:0.28.0"
    "@esbuild/win32-ia32": "npm:0.28.0"
    "@esbuild/win32-x64": "npm:0.28.0"
  dependenciesMeta:
    "@esbuild/aix-ppc64":
      optional: true
    "@esbuild/android-arm":
      optional: true
    "@esbuild/android-arm64":
      optional: true
    "@esbuild/android-x64":
      optional: true
    "@esbuild/darwin-arm64":
      optional: true
    "@esbuild/darwin-x64":
      optional: true
    "@esbuild/freebsd-arm64":
      optional: true
    "@esbuild/freebsd-x64":
      optional: true
    "@esbuild/linux-arm":
      optional: true
    "@esbuild/linux-arm64":
      optional: true
    "@esbuild/linux-ia32":
      optional: true
    "@esbuild/linux-loong64":
      optional: true
    "@esbuild/linux-mips64el":
      optional: true
    "@esbuild/linux-ppc64":
      optional: true
    "@esbuild/linux-riscv64":
      optional: true
    "@esbuild/linux-s390x":
      optional: true
    "@esbuild/linux-x64":
      optional: true
    "@esbuild/netbsd-arm64":
      optional: true
    "@esbuild/netbsd-x64":
      optional: true
    "@esbuild/openbsd-arm64":
      optional: true
    "@esbuild/openbsd-x64":
      optional: true
    "@esbuild/openharmony-arm64":
      optional: true
    "@esbuild/sunos-x64":
      optional: true
    "@esbuild/win32-arm64":
      optional: true
    "@esbuild/win32-ia32":
      optional: true
    "@esbuild/win32-x64":
      optional: true
  bin:
    esbuild: bin/esbuild
  checksum: 10c0/8acd95c238ec6c4a9d16163277faf228a8994b642d187b3fe667ffbb469008e6748cde144fdc3c175bf8e78ee49e15a0ed9b9f183fdb5fcea1772f87fb1372a4
  languageName: node
  linkType: hard

"fast-content-type-parse@npm:^3.0.0":
  version: 3.0.0
  resolution: "fast-content-type-parse@npm:3.0.0"
  checksum: 10c0/06251880c83b7118af3a5e66e8bcee60d44f48b39396fc60acc2b4630bd5f3e77552b999b5c8e943d45a818854360e5e97164c374ec4b562b4df96a2cdf2e188
  languageName: node
  linkType: hard

"json-with-bigint@npm:^3.5.3":
  version: 3.5.8
  resolution: "json-with-bigint@npm:3.5.8"
  checksum: 10c0/a0c4e37626d74a9a493539f9f9a94855933fa15ea2f028859a787229a42c5f11803db6f94f1ce7b1d89756c1e80a7c1f11006bac266ec7ce819b75701765ca0a
  languageName: node
  linkType: hard

"semver@npm:^7.7.3":
  version: 7.8.0
  resolution: "semver@npm:7.8.0"
  bin:
    semver: bin/semver.js
  checksum: 10c0/8f096ca9b80ffd47b308d03f9ce8c873e27e2983f36023c559cdc92c51e8433fc23ebbfe57ec9623fc155636a6961ee989501099841ae4bb1babc8d2b3f048cd
  languageName: node
  linkType: hard

"setup-regolith@workspace:.":
  version: 0.0.0-use.local
  resolution: "setup-regolith@workspace:."
  dependencies:
    "@actions/core": "npm:^3.0.1"
    "@actions/exec": "npm:^3.0.0"
    "@actions/github": "npm:^9.1.1"
    "@actions/tool-cache": "npm:^4.0.0"
    "@types/node": "npm:^25.6.2"
    esbuild: "npm:latest"
    typescript: "npm:^6.0.3"
  languageName: unknown
  linkType: soft

"tunnel@npm:^0.0.6":
  version: 0.0.6
  resolution: "tunnel@npm:0.0.6"
  checksum: 10c0/e27e7e896f2426c1c747325b5f54efebc1a004647d853fad892b46d64e37591ccd0b97439470795e5262b5c0748d22beb4489a04a0a448029636670bfd801b75
  languageName: node
  linkType: hard

"typescript@npm:^6.0.3":
  version: 6.0.3
  resolution: "typescript@npm:6.0.3"
  bin:
    tsc: bin/tsc
    tsserver: bin/tsserver
  checksum: 10c0/4a25ff5045b984370f48f196b3a0120779b1b343d40b9a68d114ea5e5fff099809b2bb777576991a63a5cd59cf7bffd96ff6fe10afcefbcb8bd6fb96ad4b6606
  languageName: node
  linkType: hard

"typescript@patch:typescript@npm%3A^6.0.3#optional!builtin<compat/typescript>":
  version: 6.0.3
  resolution: "typescript@patch:typescript@npm%3A6.0.3#optional!builtin<compat/typescript>::version=6.0.3&hash=5786d5"
  bin:
    tsc: bin/tsc
    tsserver: bin/tsserver
  checksum: 10c0/2f25c74e65663c248fa1ade2b8459d9ce5372ff9dad07067310f132966ebec1d93f6c42f0baf77a6b6a7a91460463f708e6887013aaade22111037457c6b25df
  languageName: node
  linkType: hard

"undici-types@npm:~7.19.0":
  version: 7.19.2
  resolution: "undici-types@npm:7.19.2"
  checksum: 10c0/7159f10546f9f6c47d36776bb1bbf8671e87c1e587a6fee84ae1f111ae8de4f914efa8ca0dfcd224f4f4a9dfc3f6028f627ccb5ddaccf82d7fd54671b89fac3e
  languageName: node
  linkType: hard

"undici@npm:^6.23.0":
  version: 6.25.0
  resolution: "undici@npm:6.25.0"
  checksum: 10c0/2597cc6689bdb02c210c557b1f85febbfda65becae6e6fc1061508e2f33734d25207f81cd8af56ada9956329eb3a7bd7431e87dcfeceba20ee87059b57dcf985
  languageName: node
  linkType: hard

"universal-user-agent@npm:^7.0.0, universal-user-agent@npm:^7.0.2":
  version: 7.0.3
  resolution: "universal-user-agent@npm:7.0.3"
  checksum: 10c0/6043be466a9bb96c0ce82392842d9fddf4c37e296f7bacc2cb25f47123990eb436c82df824644f9c5070a94dbdb117be17f66d54599ab143648ec57ef93dbcc8
  languageName: node
  linkType: hard
